
Microsoft Visual Studio Solution File, Format Version 12.00
# Visual Studio Version 17
VisualStudioVersion = 17.3.32819.101
MinimumVisualStudioVersion = 10.0.40219.1
Project("{888888A0-9F3D-457C-B088-3A5042F75D52}") = "uppgift python", "uppgift python\uppgift python.pyproj", "{763F0E65-70AD-4850-BF1B-41AF1E33FBB9}"
EndProject
Global
	GlobalSection(SolutionConfigurationPlatforms) = preSolution
		Debug|Any CPU = Debug|Any CPU
		Release|Any CPU = Release|Any CPU
	EndGlobalSection
	GlobalSection(ProjectConfigurationPlatforms) = postSolution
		{763F0E65-70AD-4850-BF1B-41AF1E33FBB9}.Debug|Any CPU.ActiveCfg = Debug|Any CPU
		{763F0E65-70AD-4850-BF1B-41AF1E33FBB9}.Release|Any CPU.ActiveCfg = Release|Any CPU
	EndGlobalSection
	GlobalSection(SolutionProperties) = preSolution
		HideSolutionNode = FALSE
	EndGlobalSection
	GlobalSection(ExtensibilityGlobals) = postSolution
		SolutionGuid = {21185613-9509-4AAE-B1CE-1E1586E09FDA}
	EndGlobalSection
EndGlobal
